// !$*UTF8*$!
{
	archiveVersion = 1;
	classes = {
	};
	objectVersion = 77;
	objects = {

/* Begin PBXContainerItemProxy section */
		A6882E9A2D5F63C7008F6D97 /* PBXContainerItemProxy */ = {
			isa = PBXContainerItemProxy;
			containerPortal = A6882E7B2D5F63C5008F6D97 /* Project object */;
			proxyType = 1;
			remoteGlobalIDString = A6882E822D5F63C5008F6D97;
			remoteInfo = TeamsClone;
		};
		A6882EA42D5F63C7008F6D97 /* PBXContainerItemProxy */ = {
			isa = PBXContainerItemProxy;
			containerPortal = A6882E7B2D5F63C5008F6D97 /* Project object */;
			proxyType = 1;
			remoteGlobalIDString = A6882E822D5F63C5008F6D97;
			remoteInfo = TeamsClone;
		};
/* End PBXContainerItemProxy section */

/* Begin PBXFileReference section */
		A6882E832D5F63C5008F6D97 /* TeamsClone.app */ = {isa = PBXFileReference; explicitFileType = wrapper.application; includeInIndex = 0; path = TeamsClone.app; sourceTree = BUILT_PRODUCTS_DIR; };
		A6882E992D5F63C7008F6D97 /* TeamsCloneTests.xctest */ = {isa = PBXFileReference; explicitFileType = wrapper.cfbundle; includeInIndex = 0; path = TeamsCloneTests.xctest; sourceTree = BUILT_PRODUCTS_DIR; };
		A6882EA32D5F63C7008F6D97 /* TeamsCloneUITests.xctest */ = {isa = PBXFileReference; explicitFileType = wrapper.cfbundle; includeInIndex = 0; path = TeamsCloneUITests.xctest; sourceTree = BUILT_PRODUCTS_DIR; };
/* End PBXFileReference section */

/* Begin PBXFileSystemSynchronizedBuildFileExceptionSet section */
		A6882EAB2D5F63C7008F6D97 /* Exceptions for "TeamsClone" folder in "TeamsClone" target */ = {
			isa = PBXFileSystemSynchronizedBuildFileExceptionSet;
			membershipExceptions = (
				Info.plist,
			);
			target = A6882E822D5F63C5008F6D97 /* TeamsClone */;
		};
/* End PBXFileSystemSynchronizedBuildFileExceptionSet section */

/* Begin PBXFileSystemSynchronizedRootGroup section */
		A6882E852D5F63C5008F6D97 /* TeamsClone */ = {
			isa = PBXFileSystemSynchronizedRootGroup;
			exceptions = (
				A6882EAB2D5F63C7008F6D97 /* Exceptions for "TeamsClone" folder in "TeamsClone" target */,
			);
			path = TeamsClone;
			sourceTree = "<group>";
		};
		A6882E9C2D5F63C7008F6D97 /* TeamsCloneTests */ = {
			isa = PBXFileSystemSynchronizedRootGroup;
			path = TeamsCloneTests;
			sourceTree = "<group>";
		};
		A6882EA62D5F63C7008F6D97 /* TeamsCloneUITests */ = {
			isa = PBXFileSystemSynchronizedRootGroup;
			path = TeamsCloneUITests;
			sourceTree = "<group>";
		};
/* End PBXFileSystemSynchronizedRootGroup section */

/* Begin PBXFrameworksBuildPhase section */
		A6882E802D5F63C5008F6D97 /* Frameworks */ = {
			isa = PBXFrameworksBuildPhase;
			buildActionMask = 2147483647;
			files = (
			);
			runOnlyForDeploymentPostprocessing = 0;
		};
		A6882E962D5F63C7008F6D97 /* Frameworks */ = {
			isa = PBXFrameworksBuildPhase;
			buildActionMask = 2147483647;
			files = (
			);
			runOnlyForDeploymentPostprocessing = 0;
		};
		A6882EA02D5F63C7008F6D97 /* Frameworks */ = {
			isa = PBXFrameworksBuildPhase;
			buildActionMask = 2147483647;
			files = (
			);
			runOnlyForDeploymentPostprocessing = 0;
		};
/* End PBXFrameworksBuildPhase section */

/* Begin PBXGroup section */
		A6882E7A2D5F63C5008F6D97 = {
			isa = PBXGroup;
			children = (
				A6882E852D5F63C5008F6D97 /* TeamsClone */,
				A6882E9C2D5F63C7008F6D97 /* TeamsCloneTests */,
				A6882EA62D5F63C7008F6D97 /* TeamsCloneUITests */,
				A6882E842D5F63C5008F6D97 /* Products */,
			);
			sourceTree = "<group>";
		};
		A6882E842D5F63C5008F6D97 /* Products */ = {
			isa = PBXGroup;
			children = (
				A6882E832D5F63C5008F6D97 /* TeamsClone.app */,
				A6882E992D5F63C7008F6D97 /* TeamsCloneTests.xctest */,
				A6882EA32D5F63C7008F6D97 /* TeamsCloneUITests.xctest */,
			);
			name = Products;
			sourceTree = "<group>";
		};
/* End PBXGroup section */

/* Begin PBXNativeTarget section */
		A6882E822D5F63C5008F6D97 /* TeamsClone */ = {
			isa = PBXNativeTarget;
			buildConfigurationList = A6882EAC2D5F63C7008F6D97 /* Build configuration list for PBXNativeTarget "TeamsClone" */;
			buildPhases = (
				A6882E7F2D5F63C5008F6D97 /* Sources */,
				A6882E802D5F63C5008F6D97 /* Frameworks */,
				A6882E812D5F63C5008F6D97 /* Resources */,
			);
			buildRules = (
			);
			dependencies = (
			);
			fileSystemSynchronizedGroups = (
				A6882E852D5F63C5008F6D97 /* TeamsClone */,
			);
			name = TeamsClone;
			packageProductDependencies = (
			);
			productName = TeamsClone;
			productReference = A6882E832D5F63C5008F6D97 /* TeamsClone.app */;
			productType = "com.apple.product-type.application";
		};
		A6882E982D5F63C7008F6D97 /* TeamsCloneTests */ = {
			isa = PBXNativeTarget;
			buildConfigurationList = A6882EB12D5F63C7008F6D97 /* Build configuration list for PBXNativeTarget "TeamsCloneTests" */;
			buildPhases = (
				A6882E952D5F63C7008F6D97 /* Sources */,
				A6882E962D5F63C7008F6D97 /* Frameworks */,
				A6882E972D5F63C7008F6D97 /* Resources */,
			);
			buildRules = (
			);
			dependencies = (
				A6882E9B2D5F63C7008F6D97 /* PBXTargetDependency */,
			);
			fileSystemSynchronizedGroups = (
				A6882E9C2D5F63C7008F6D97 /* TeamsCloneTests */,
			);
			name = TeamsCloneTests;
			packageProductDependencies = (
			);
			productName = TeamsCloneTests;
			productReference = A6882E992D5F63C7008F6D97 /* TeamsCloneTests.xctest */;
			productType = "com.apple.product-type.bundle.unit-test";
		};
		A6882EA22D5F63C7008F6D97 /* TeamsCloneUITests */ = {
			isa = PBXNativeTarget;
			buildConfigurationList = A6882EB42D5F63C7008F6D97 /* Build configuration list for PBXNativeTarget "TeamsCloneUITests" */;
			buildPhases = (
				A6882E9F2D5F63C7008F6D97 /* Sources */,
				A6882EA02D5F63C7008F6D97 /* Frameworks */,
				A6882EA12D5F63C7008F6D97 /* Resources */,
			);
			buildRules = (
			);
			dependencies = (
				A6882EA52D5F63C7008F6D97 /* PBXTargetDependency */,
			);
			fileSystemSynchronizedGroups = (
				A6882EA62D5F63C7008F6D97 /* TeamsCloneUITests */,
			);
			name = TeamsCloneUITests;
			packageProductDependencies = (
			);
			productName = TeamsCloneUITests;
			productReference = A6882EA32D5F63C7008F6D97 /* TeamsCloneUITests.xctest */;
			productType = "com.apple.product-type.bundle.ui-testing";
		};
/* End PBXNativeTarget section */

/* Begin PBXProject section */
		A6882E7B2D5F63C5008F6D97 /* Project object */ = {
			isa = PBXProject;
			attributes = {
				BuildIndependentTargetsInParallel = 1;
				LastSwiftUpdateCheck = 1620;
				LastUpgradeCheck = 1620;
				TargetAttributes = {
					A6882E822D5F63C5008F6D97 = {
						CreatedOnToolsVersion = 16.2;
					};
					A6882E982D5F63C7008F6D97 = {
						CreatedOnToolsVersion = 16.2;
						TestTargetID = A6882E822D5F63C5008F6D97;
					};
					A6882EA22D5F63C7008F6D97 = {
						CreatedOnToolsVersion = 16.2;
						TestTargetID = A6882E822D5F63C5008F6D97;
					};
				};
			};
			buildConfigurationList = A6882E7E2D5F63C5008F6D97 /* Build configuration list for PBXProject "TeamsClone" */;
			developmentRegion = en;
			hasScannedForEncodings = 0;
			knownRegions = (
				en,
				Base,
			);
			mainGroup = A6882E7A2D5F63C5008F6D97;
			minimizedProjectReferenceProxies = 1;
			preferredProjectObjectVersion = 77;
			productRefGroup = A6882E842D5F63C5008F6D97 /* Products */;
			projectDirPath = "";
			projectRoot = "";
			targets = (
				A6882E822D5F63C5008F6D97 /* TeamsClone */,
				A6882E982D5F63C7008F6D97 /* TeamsCloneTests */,
				A6882EA22D5F63C7008F6D97 /* TeamsCloneUITests */,
			);
		};
/* End PBXProject section */

/* Begin PBXResourcesBuildPhase section */
		A6882E812D5F63C5008F6D97 /* Resources */ = {
			isa = PBXResourcesBuildPhase;
			buildActionMask = 2147483647;
			files = (
			);
			runOnlyForDeploymentPostprocessing = 0;
		};
		A6882E972D5F63C7008F6D97 /* Resources */ = {
			isa = PBXResourcesBuildPhase;
			buildActionMask = 2147483647;
			files = (
			);
			runOnlyForDeploymentPostprocessing = 0;
		};
		A6882EA12D5F63C7008F6D97 /* Resources */ = {
			isa = PBXResourcesBuildPhase;
			buildActionMask = 2147483647;
			files = (
			);
			runOnlyForDeploymentPostprocessing = 0;
		};
/* End PBXResourcesBuildPhase section */

/* Begin PBXSourcesBuildPhase section */
		A6882E7F2D5F63C5008F6D97 /* Sources */ = {
			isa = PBXSourcesBuildPhase;
			buildActionMask = 2147483647;
			files = (
			);
			runOnlyForDeploymentPostprocessing = 0;
		};
		A6882E952D5F63C7008F6D97 /* Sources */ = {
			isa = PBXSourcesBuildPhase;
			buildActionMask = 2147483647;
			files = (
			);
			runOnlyForDeploymentPostprocessing = 0;
		};
		A6882E9F2D5F63C7008F6D97 /* Sources */ = {
			isa = PBXSourcesBuildPhase;
			buildActionMask = 2147483647;
			files = (
			);
			runOnlyForDeploymentPostprocessing = 0;
		};
/* End PBXSourcesBuildPhase section */

/* Begin PBXTargetDependency section */
		A6882E9B2D5F63C7008F6D97 /* PBXTargetDependency */ = {
			isa = PBXTargetDependency;
			target = A6882E822D5F63C5008F6D97 /* TeamsClone */;
			targetProxy = A6882E9A2D5F63C7008F6D97 /* PBXContainerItemProxy */;
		};
		A6882EA52D5F63C7008F6D97 /* PBXTargetDependency */ = {
			isa = PBXTargetDependency;
			target = A6882E822D5F63C5008F6D97 /* TeamsClone */;
			targetProxy = A6882EA42D5F63C7008F6D97 /* PBXContainerItemProxy */;
		};
/* End PBXTargetDependency section */

/* Begin XCBuildConfiguration section */
		A6882EAD2D5F63C7008F6D97 /* Debug */ = {
			isa = XCBuildConfiguration;
			buildSettings = {
				ASSETCATALOG_COMPILER_APPICON_NAME = AppIcon;
				ASSETCATALOG_COMPILER_GLOBAL_ACCENT_COLOR_NAME = AccentColor;
				CODE_SIGN_STYLE = Automatic;
				CURRENT_PROJECT_VERSION = 1;
				GENERATE_INFOPLIST_FILE = YES;
				INFOPLIST_FILE = TeamsClone/Info.plist;
				INFOPLIST_KEY_UIApplicationSupportsIndirectInputEvents = YES;
				INFOPLIST_KEY_UILaunchStoryboardName = LaunchScreen;
				INFOPLIST_KEY_UIMainStoryboardFile = Main;
				INFOPLIST_KEY_UISupportedInterfaceOrientations_iPad = "UIInterfaceOrientationPortrait UIInterfaceOrientationPortraitUpsideDown UIInterfaceOrientationLandscapeLeft UIInterfaceOrientationLandscapeRight";
				INFOPLIST_KEY_UISupportedInterfaceOrientations_iPhone = "UIInterfaceOrientationPortrait UIInterfaceOrientationLandscapeLeft UIInterfaceOrientationLandscapeRight";
				LD_RUNPATH_SEARCH_PATHS = (
					"$(inherited)",
					"@executable_path/Frameworks",
				);
				MARKETING_VERSION = 1.0;
				PRODUCT_BUNDLE_IDENTIFIER = com.shikhasahu.TeamsClone;
				PRODUCT_NAME = "$(TARGET_NAME)";
				SWIFT_EMIT_LOC_STRINGS = YES;
				SWIFT_VERSION = 5.0;
				TARGETED_DEVICE_FAMILY = "1,2";
			};
			name = Debug;
		};
		A6882EAE2D5F63C7008F6D97 /* Release */ = {
			isa = XCBuildConfiguration;
			buildSettings = {
				ASSETCATALOG_COMPILER_APPICON_NAME = AppIcon;
				ASSETCATALOG_COMPILER_GLOBAL_ACCENT_COLOR_NAME = AccentColor;
				CODE_SIGN_STYLE = Automatic;
				CURRENT_PROJECT_VERSION = 1;
				GENERATE_INFOPLIST_FILE = YES;
				INFOPLIST_FILE = TeamsClone/Info.plist;
				INFOPLIST_KEY_UIApplicationSupportsIndirectInputEvents = YES;
				INFOPLIST_KEY_UILaunchStoryboardName = LaunchScreen;
				INFOPLIST_KEY_UIMainStoryboardFile = Main;
				INFOPLIST_KEY_UISupportedInterfaceOrientations_iPad = "UIInterfaceOrientationPortrait UIInterfaceOrientationPortraitUpsideDown UIInterfaceOrientationLandscapeLeft UIInterfaceOrientationLandscapeRight";
				INFOPLIST_KEY_UISupportedInterfaceOrientations_iPhone = "UIInterfaceOrientationPortrait UIInterfaceOrientationLandscapeLeft UIInterfaceOrientationLandscapeRight";
				LD_RUNPATH_SEARCH_PATHS = (
					"$(inherited)",
					"@executable_path/Frameworks",
				);
				MARKETING_VERSION = 1.0;
				PRODUCT_BUNDLE_IDENTIFIER = com.shikhasahu.TeamsClone;
				PRODUCT_NAME = "$(TARGET_NAME)";
				SWIFT_EMIT_LOC_STRINGS = YES;
				SWIFT_VERSION = 5.0;
				TARGETED_DEVICE_FAMILY = "1,2";
			};
			name = Release;
		};
		A6882EAF2D5F63C7008F6D97 /* Debug */ = {
			isa = XCBuildConfiguration;
			buildSettings = {
				ALWAYS_SEARCH_USER_PATHS = NO;
				ASSETCATALOG_COMPILER_GENERATE_SWIFT_ASSET_SYMBOL_EXTENSIONS = YES;
				CLANG_ANALYZER_NONNULL = YES;
				CLANG_ANALYZER_NUMBER_OBJECT_CONVERSION = YES_AGGRESSIVE;
				CLANG_CXX_LANGUAGE_STANDARD = "gnu++20";
				CLANG_ENABLE_MODULES = YES;
				CLANG_ENABLE_OBJC_ARC = YES;
				CLANG_ENABLE_OBJC_WEAK = YES;
				CLANG_WARN_BLOCK_CAPTURE_AUTORELEASING = YES;
				CLANG_WARN_BOOL_CONVERSION = YES;
				CLANG_WARN_COMMA = YES;
				CLANG_WARN_CONSTANT_CONVERSION = YES;
				CLANG_WARN_DEPRECATED_OBJC_IMPLEMENTATIONS = YES;
				CLANG_WARN_DIRECT_OBJC_ISA_USAGE = YES_ERROR;
				CLANG_WARN_DOCUMENTATION_COMMENTS = YES;
				CLANG_WARN_EMPTY_BODY = YES;
				CLANG_WARN_ENUM_CONVERSION = YES;
				CLANG_WARN_INFINITE_RECURSION = YES;
				CLANG_WARN_INT_CONVERSION = YES;
				CLANG_WARN_NON_LITERAL_NULL_CONVERSION = YES;
				CLANG_WARN_OBJC_IMPLICIT_RETAIN_SELF = YES;
				CLANG_WARN_OBJC_LITERAL_CONVERSION = YES;
				CLANG_WARN_OBJC_ROOT_CLASS = YES_ERROR;
				CLANG_WARN_QUOTED_INCLUDE_IN_FRAMEWORK_HEADER = YES;
				CLANG_WARN_RANGE_LOOP_ANALYSIS = YES;
				CLANG_WARN_STRICT_PROTOTYPES = YES;
				CLANG_WARN_SUSPICIOUS_MOVE = YES;
				CLANG_WARN_UNGUARDED_AVAILABILITY = YES_AGGRESSIVE;
				CLANG_WARN_UNREACHABLE_CODE = YES;
				CLANG_WARN__DUPLICATE_METHOD_MATCH = YES;
				COPY_PHASE_STRIP = NO;
				DEBUG_INFORMATION_FORMAT = dwarf;
				ENABLE_STRICT_OBJC_MSGSEND = YES;
				ENABLE_TESTABILITY = YES;
				ENABLE_USER_SCRIPT_SANDBOXING = YES;
				GCC_C_LANGUAGE_STANDARD = gnu17;
				GCC_DYNAMIC_NO_PIC = NO;
				GCC_NO_COMMON_BLOCKS = YES;
				GCC_OPTIMIZATION_LEVEL = 0;
				GCC_PREPROCESSOR_DEFINITIONS = (
					"DEBUG=1",
					"$(inherited)",
				);
				GCC_WARN_64_TO_32_BIT_CONVERSION = YES;
				GCC_WARN_ABOUT_RETURN_TYPE = YES_ERROR;
				GCC_WARN_UNDECLARED_SELECTOR = YES;
				GCC_WARN_UNINITIALIZED_AUTOS = YES_AGGRESSIVE;
				GCC_WARN_UNUSED_FUNCTION = YES;
				GCC_WARN_UNUSED_VARIABLE = YES;
				IPHONEOS_DEPLOYMENT_TARGET = 18.2;
				LOCALIZATION_PREFERS_STRING_CATALOGS = YES;
				MTL_ENABLE_DEBUG_INFO = INCLUDE_SOURCE;
				MTL_FAST_MATH = YES;
				ONLY_ACTIVE_ARCH = YES;
				SDKROOT = iphoneos;
				SWIFT_ACTIVE_COMPILATION_CONDITIONS = "DEBUG $(inherited)";
				SWIFT_OPTIMIZATION_LEVEL = "-Onone";
			};
			name = Debug;
		};
		A6882EB02D5F63C7008F6D97 /* Release */ = {
			isa = XCBuildConfiguration;
			buildSettings = {
				ALWAYS_SEARCH_USER_PATHS = NO;
				ASSETCATALOG_COMPILER_GENERATE_SWIFT_ASSET_SYMBOL_EXTENSIONS = YES;
				CLANG_ANALYZER_NONNULL = YES;
				CLANG_ANALYZER_NUMBER_OBJECT_CONVERSION = YES_AGGRESSIVE;
				CLANG_CXX_LANGUAGE_STANDARD = "gnu++20";
				CLANG_ENABLE_MODULES = YES;
				CLANG_ENABLE_OBJC_ARC = YES;
				CLANG_ENABLE_OBJC_WEAK = YES;
				CLANG_WARN_BLOCK_CAPTURE_AUTORELEASING = YES;
				CLANG_WARN_BOOL_CONVERSION = YES;
				CLANG_WARN_COMMA = YES;
				CLANG_WARN_CONSTANT_CONVERSION = YES;
				CLANG_WARN_DEPRECATED_OBJC_IMPLEMENTATIONS = YES;
				CLANG_WARN_DIRECT_OBJC_ISA_USAGE = YES_ERROR;
				CLANG_WARN_DOCUMENTATION_COMMENTS = YES;
				CLANG_WARN_EMPTY_BODY = YES;
				CLANG_WARN_ENUM_CONVERSION = YES;
				CLANG_WARN_INFINITE_RECURSION = YES;
				CLANG_WARN_INT_CONVERSION = YES;
				CLANG_WARN_NON_LITERAL_NULL_CONVERSION = YES;
				CLANG_WARN_OBJC_IMPLICIT_RETAIN_SELF = YES;
				CLANG_WARN_OBJC_LITERAL_CONVERSION = YES;
				CLANG_WARN_OBJC_ROOT_CLASS = YES_ERROR;
				CLANG_WARN_QUOTED_INCLUDE_IN_FRAMEWORK_HEADER = YES;
				CLANG_WARN_RANGE_LOOP_ANALYSIS = YES;
				CLANG_WARN_STRICT_PROTOTYPES = YES;
				CLANG_WARN_SUSPICIOUS_MOVE = YES;
				CLANG_WARN_UNGUARDED_AVAILABILITY = YES_AGGRESSIVE;
				CLANG_WARN_UNREACHABLE_CODE = YES;
				CLANG_WARN__DUPLICATE_METHOD_MATCH = YES;
				COPY_PHASE_STRIP = NO;
				DEBUG_INFORMATION_FORMAT = "dwarf-with-dsym";
				ENABLE_NS_ASSERTIONS = NO;
				ENABLE_STRICT_OBJC_MSGSEND = YES;
				ENABLE_USER_SCRIPT_SANDBOXING = YES;
				GCC_C_LANGUAGE_STANDARD = gnu17;
				GCC_NO_COMMON_BLOCKS = YES;
				GCC_WARN_64_TO_32_BIT_CONVERSION = YES;
				GCC_WARN_ABOUT_RETURN_TYPE = YES_ERROR;
				GCC_WARN_UNDECLARED_SELECTOR = YES;
				GCC_WARN_UNINITIALIZED_AUTOS = YES_AGGRESSIVE;
				GCC_WARN_UNUSED_FUNCTION = YES;
				GCC_WARN_UNUSED_VARIABLE = YES;
				IPHONEOS_DEPLOYMENT_TARGET = 18.2;
				LOCALIZATION_PREFERS_STRING_CATALOGS = YES;
				MTL_ENABLE_DEBUG_INFO = NO;
				MTL_FAST_MATH = YES;
				SDKROOT = iphoneos;
				SWIFT_COMPILATION_MODE = wholemodule;
				VALIDATE_PRODUCT = YES;
			};
			name = Release;
		};
		A6882EB22D5F63C7008F6D97 /* Debug */ = {
			isa = XCBuildConfiguration;
			buildSettings = {
				BUNDLE_LOADER = "$(TEST_HOST)";
				CODE_SIGN_STYLE = Automatic;
				CURRENT_PROJECT_VERSION = 1;
				GENERATE_INFOPLIST_FILE = YES;
				IPHONEOS_DEPLOYMENT_TARGET = 18.2;
				MARKETING_VERSION = 1.0;
				PRODUCT_BUNDLE_IDENTIFIER = com.shikhasahu.TeamsCloneTests;
				PRODUCT_NAME = "$(TARGET_NAME)";
				SWIFT_EMIT_LOC_STRINGS = NO;
				SWIFT_VERSION = 5.0;
				TARGETED_DEVICE_FAMILY = "1,2";
				TEST_HOST = "$(BUILT_PRODUCTS_DIR)/TeamsClone.app/$(BUNDLE_EXECUTABLE_FOLDER_PATH)/TeamsClone";
			};
			name = Debug;
		};
		A6882EB32D5F63C7008F6D97 /* Release */ = {
			isa = XCBuildConfiguration;
			buildSettings = {
				BUNDLE_LOADER = "$(TEST_HOST)";
				CODE_SIGN_STYLE = Automatic;
				CURRENT_PROJECT_VERSION = 1;
				GENERATE_INFOPLIST_FILE = YES;
				IPHONEOS_DEPLOYMENT_TARGET = 18.2;
				MARKETING_VERSION = 1.0;
				PRODUCT_BUNDLE_IDENTIFIER = com.shikhasahu.TeamsCloneTests;
				PRODUCT_NAME = "$(TARGET_NAME)";
				SWIFT_EMIT_LOC_STRINGS = NO;
				SWIFT_VERSION = 5.0;
				TARGETED_DEVICE_FAMILY = "1,2";
				TEST_HOST = "$(BUILT_PRODUCTS_DIR)/TeamsClone.app/$(BUNDLE_EXECUTABLE_FOLDER_PATH)/TeamsClone";
			};
			name = Release;
		};
		A6882EB52D5F63C7008F6D97 /* Debug */ = {
			isa = XCBuildConfiguration;
			buildSettings = {
				CODE_SIGN_STYLE = Automatic;
				CURRENT_PROJECT_VERSION = 1;
				GENERATE_INFOPLIST_FILE = YES;
				MARKETING_VERSION = 1.0;
				PRODUCT_BUNDLE_IDENTIFIER = com.shikhasahu.TeamsCloneUITests;
				PRODUCT_NAME = "$(TARGET_NAME)";
				SWIFT_EMIT_LOC_STRINGS = NO;
				SWIFT_VERSION = 5.0;
				TARGETED_DEVICE_FAMILY = "1,2";
				TEST_TARGET_NAME = TeamsClone;
			};
			name = Debug;
		};
		A6882EB62D5F63C7008F6D97 /* Release */ = {
			isa = XCBuildConfiguration;
			buildSettings = {
				CODE_SIGN_STYLE = Automatic;
				CURRENT_PROJECT_VERSION = 1;
				GENERATE_INFOPLIST_FILE = YES;
				MARKETING_VERSION = 1.0;
				PRODUCT_BUNDLE_IDENTIFIER = com.shikhasahu.TeamsCloneUITests;
				PRODUCT_NAME = "$(TARGET_NAME)";
				SWIFT_EMIT_LOC_STRINGS = NO;
				SWIFT_VERSION = 5.0;
				TARGETED_DEVICE_FAMILY = "1,2";
				TEST_TARGET_NAME = TeamsClone;
			};
			name = Release;
		};
/* End XCBuildConfiguration section */

/* Begin XCConfigurationList section */
		A6882E7E2D5F63C5008F6D97 /* Build configuration list for PBXProject "TeamsClone" */ = {
			isa = XCConfigurationList;
			buildConfigurations = (
				A6882EAF2D5F63C7008F6D97 /* Debug */,
				A6882EB02D5F63C7008F6D97 /* Release */,
			);
			defaultConfigurationIsVisible = 0;
			defaultConfigurationName = Release;
		};
		A6882EAC2D5F63C7008F6D97 /* Build configuration list for PBXNativeTarget "TeamsClone" */ = {
			isa = XCConfigurationList;
			buildConfigurations = (
				A6882EAD2D5F63C7008F6D97 /* Debug */,
				A6882EAE2D5F63C7008F6D97 /* Release */,
			);
			defaultConfigurationIsVisible = 0;
			defaultConfigurationName = Release;
		};
		A6882EB12D5F63C7008F6D97 /* Build configuration list for PBXNativeTarget "TeamsCloneTests" */ = {
			isa = XCConfigurationList;
			buildConfigurations = (
				A6882EB22D5F63C7008F6D97 /* Debug */,
				A6882EB32D5F63C7008F6D97 /* Release */,
			);
			defaultConfigurationIsVisible = 0;
			defaultConfigurationName = Release;
		};
		A6882EB42D5F63C7008F6D97 /* Build configuration list for PBXNativeTarget "TeamsCloneUITests" */ = {
			isa = XCConfigurationList;
			buildConfigurations = (
				A6882EB52D5F63C7008F6D97 /* Debug */,
				A6882EB62D5F63C7008F6D97 /* Release */,
			);
			defaultConfigurationIsVisible = 0;
			defaultConfigurationName = Release;
		};
/* End XCConfigurationList section */
	};
	rootObject = A6882E7B2D5F63C5008F6D97 /* Project object */;
}
